
Microsoft Visual Studio Solution File, Format Version 12.00
# Visual Studio 15
VisualStudioVersion = 15.0.28010.2026
MinimumVisualStudioVersion = 10.0.40219.1
Project("{FAE04EC0-301F-11D3-BF4B-00C04F79EFBC}") = "CS4150PS7-6", "CS4150PS7-6\CS4150PS7-6.csproj", "{49B479F0-4E04-4D7F-9108-4B82204B4A45}"
EndProject
Global
	GlobalSection(SolutionConfigurationPlatforms) = preSolution
		Debug|Any CPU = Debug|Any CPU
		Release|Any CPU = Release|Any CPU
	EndGlobalSection
	GlobalSection(ProjectConfigurationPlatforms) = postSolution
		{49B479F0-4E04-4D7F-9108-4B82204B4A45}.Debug|Any CPU.ActiveCfg = Debug|Any CPU
		{49B479F0-4E04-4D7F-9108-4B82204B4A45}.Debug|Any CPU.Build.0 = Debug|Any CPU
		{49B479F0-4E04-4D7F-9108-4B82204B4A45}.Release|Any CPU.ActiveCfg = Release|Any CPU
		{49B479F0-4E04-4D7F-9108-4B82204B4A45}.Release|Any CPU.Build.0 = Release|Any CPU
	EndGlobalSection
	GlobalSection(SolutionProperties) = preSolution
		HideSolutionNode = FALSE
	EndGlobalSection
	GlobalSection(ExtensibilityGlobals) = postSolution
		SolutionGuid = {845B3DC5-569F-444D-90AF-F9DA8B819F74}
	EndGlobalSection
EndGlobal
