
Microsoft Visual Studio Solution File, Format Version 12.00
# Visual Studio 15
VisualStudioVersion = 15.0.28010.2026
MinimumVisualStudioVersion = 10.0.40219.1
Project("{FAE04EC0-301F-11D3-BF4B-00C04F79EFBC}") = "CS4150Fireworks", "CS4150Fireworks\CS4150Fireworks.csproj", "{0A58AC69-74D2-4A2E-B4D9-CC40D9FBEF5F}"
EndProject
Global
	GlobalSection(SolutionConfigurationPlatforms) = preSolution
		Debug|Any CPU = Debug|Any CPU
		Release|Any CPU = Release|Any CPU
	EndGlobalSection
	GlobalSection(ProjectConfigurationPlatforms) = postSolution
		{0A58AC69-74D2-4A2E-B4D9-CC40D9FBEF5F}.Debug|Any CPU.ActiveCfg = Debug|Any CPU
		{0A58AC69-74D2-4A2E-B4D9-CC40D9FBEF5F}.Debug|Any CPU.Build.0 = Debug|Any CPU
		{0A58AC69-74D2-4A2E-B4D9-CC40D9FBEF5F}.Release|Any CPU.ActiveCfg = Release|Any CPU
		{0A58AC69-74D2-4A2E-B4D9-CC40D9FBEF5F}.Release|Any CPU.Build.0 = Release|Any CPU
	EndGlobalSection
	GlobalSection(SolutionProperties) = preSolution
		HideSolutionNode = FALSE
	EndGlobalSection
	GlobalSection(ExtensibilityGlobals) = postSolution
		SolutionGuid = {3C7D7A75-DDAF-4CD1-9F82-B0AD353A71DD}
	EndGlobalSection
EndGlobal
