
Microsoft Visual Studio Solution File, Format Version 12.00
# Visual Studio 15
VisualStudioVersion = 15.0.28010.2026
MinimumVisualStudioVersion = 10.0.40219.1
Project("{FAE04EC0-301F-11D3-BF4B-00C04F79EFBC}") = "PS3-2", "PS3-2\PS3-2.csproj", "{45FC42BD-DB7B-44A0-B6F6-77701F69A9F5}"
EndProject
Global
	GlobalSection(SolutionConfigurationPlatforms) = preSolution
		Debug|Any CPU = Debug|Any CPU
		Release|Any CPU = Release|Any CPU
	EndGlobalSection
	GlobalSection(ProjectConfigurationPlatforms) = postSolution
		{45FC42BD-DB7B-44A0-B6F6-77701F69A9F5}.Debug|Any CPU.ActiveCfg = Debug|Any CPU
		{45FC42BD-DB7B-44A0-B6F6-77701F69A9F5}.Debug|Any CPU.Build.0 = Debug|Any CPU
		{45FC42BD-DB7B-44A0-B6F6-77701F69A9F5}.Release|Any CPU.ActiveCfg = Release|Any CPU
		{45FC42BD-DB7B-44A0-B6F6-77701F69A9F5}.Release|Any CPU.Build.0 = Release|Any CPU
	EndGlobalSection
	GlobalSection(SolutionProperties) = preSolution
		HideSolutionNode = FALSE
	EndGlobalSection
	GlobalSection(ExtensibilityGlobals) = postSolution
		SolutionGuid = {73E41CC5-5752-4746-B9EB-5F193E485499}
	EndGlobalSection
EndGlobal
