
Microsoft Visual Studio Solution File, Format Version 12.00
# Visual Studio 15
VisualStudioVersion = 15.0.28010.2026
MinimumVisualStudioVersion = 10.0.40219.1
Project("{FAE04EC0-301F-11D3-BF4B-00C04F79EFBC}") = "CS4150PS4-5", "CS4150PS4-5\CS4150PS4-5.csproj", "{1C5005C5-126C-4EB7-81F4-32D00ECF6908}"
EndProject
Global
	GlobalSection(SolutionConfigurationPlatforms) = preSolution
		Debug|Any CPU = Debug|Any CPU
		Release|Any CPU = Release|Any CPU
	EndGlobalSection
	GlobalSection(ProjectConfigurationPlatforms) = postSolution
		{1C5005C5-126C-4EB7-81F4-32D00ECF6908}.Debug|Any CPU.ActiveCfg = Debug|Any CPU
		{1C5005C5-126C-4EB7-81F4-32D00ECF6908}.Debug|Any CPU.Build.0 = Debug|Any CPU
		{1C5005C5-126C-4EB7-81F4-32D00ECF6908}.Release|Any CPU.ActiveCfg = Release|Any CPU
		{1C5005C5-126C-4EB7-81F4-32D00ECF6908}.Release|Any CPU.Build.0 = Release|Any CPU
	EndGlobalSection
	GlobalSection(SolutionProperties) = preSolution
		HideSolutionNode = FALSE
	EndGlobalSection
	GlobalSection(ExtensibilityGlobals) = postSolution
		SolutionGuid = {E3227B3D-DCB8-4437-B366-F0C1DC5BF65B}
	EndGlobalSection
EndGlobal
